
Microsoft Visual Studio Solution File, Format Version 12.00
# Visual Studio Version 17
VisualStudioVersion = 17.14.36121.58
MinimumVisualStudioVersion = 10.0.40219.1
Project("{FAE04EC0-301F-11D3-BF4B-00C04F79EFBC}") = "eShop.Web", "eShop.Web\eShop.Web.csproj", "{6159DDFD-90D1-4044-BB0A-A66814659DC3}"
EndProject
Project("{FAE04EC0-301F-11D3-BF4B-00C04F79EFBC}") = "eShop.CoreBussiness", "eShop.CoreBussiness\eShop.CoreBussiness.csproj", "{81B0BE26-6011-1DC7-64A0-B784DED2E9E7}"
EndProject
Project("{FAE04EC0-301F-11D3-BF4B-00C04F79EFBC}") = "eShop.UseCases", "eShop.UseCases\eShop.UseCases.csproj", "{A201E914-04D2-7F54-1B3D-A47993F11E0B}"
EndProject
Project("{2150E333-8FDC-42A3-9474-1A3956D46DE8}") = "Plugins", "Plugins", "{02EA681E-C7D8-13C7-8484-4AC65E1B71E8}"
EndProject
Project("{FAE04EC0-301F-11D3-BF4B-00C04F79EFBC}") = "eShop.DataStore.HardCode", "Plugins\eShop.DataStore.HardCode\eShop.DataStore.HardCode.csproj", "{65F9B6D6-30B8-E3AF-DCBD-602D7301F04B}"
EndProject
Project("{2150E333-8FDC-42A3-9474-1A3956D46DE8}") = "eShop.Web.Modules", "eShop.Web.Modules", "{704A6899-9B0F-4FC1-A073-DDA9F13C9D5A}"
EndProject
Project("{FAE04EC0-301F-11D3-BF4B-00C04F79EFBC}") = "eShop.Web.Common", "eShop.Web.Modules\eShop.Web.Common\eShop.Web.Common.csproj", "{78E462A0-4470-4528-B366-A3F1456C22D2}"
EndProject
Project("{FAE04EC0-301F-11D3-BF4B-00C04F79EFBC}") = "eShop.Web.AdminPortal", "eShop.Web.Modules\eShop.Web.AdminPortal\eShop.Web.AdminPortal.csproj", "{CE981F42-B853-4F8E-87EE-04974B7B46A5}"
EndProject
Project("{FAE04EC0-301F-11D3-BF4B-00C04F79EFBC}") = "eShop.Web.CustomerPortal", "eShop.Web.Modules\eShop.Web.CustomerPortal\eShop.Web.CustomerPortal.csproj", "{7C98BC5E-1214-4E4D-8538-E72A2BAA5B54}"
EndProject
Project("{FAE04EC0-301F-11D3-BF4B-00C04F79EFBC}") = "eShop.ShoppingCart.LocalStorage", "Plugins\eShop.ShoppingCart.Local\eShop.ShoppingCart.LocalStorage.csproj", "{09C551B9-B146-4C83-8718-C432AEB1FC1B}"
EndProject
Global
	GlobalSection(SolutionConfigurationPlatforms) = preSolution
		Debug|Any CPU = Debug|Any CPU
		Release|Any CPU = Release|Any CPU
	EndGlobalSection
	GlobalSection(ProjectConfigurationPlatforms) = postSolution
		{6159DDFD-90D1-4044-BB0A-A66814659DC3}.Debug|Any CPU.ActiveCfg = Debug|Any CPU
		{6159DDFD-90D1-4044-BB0A-A66814659DC3}.Debug|Any CPU.Build.0 = Debug|Any CPU
		{6159DDFD-90D1-4044-BB0A-A66814659DC3}.Release|Any CPU.ActiveCfg = Release|Any CPU
		{6159DDFD-90D1-4044-BB0A-A66814659DC3}.Release|Any CPU.Build.0 = Release|Any CPU
		{81B0BE26-6011-1DC7-64A0-B784DED2E9E7}.Debug|Any CPU.ActiveCfg = Debug|Any CPU
		{81B0BE26-6011-1DC7-64A0-B784DED2E9E7}.Debug|Any CPU.Build.0 = Debug|Any CPU
		{81B0BE26-6011-1DC7-64A0-B784DED2E9E7}.Release|Any CPU.ActiveCfg = Release|Any CPU
		{81B0BE26-6011-1DC7-64A0-B784DED2E9E7}.Release|Any CPU.Build.0 = Release|Any CPU
		{A201E914-04D2-7F54-1B3D-A47993F11E0B}.Debug|Any CPU.ActiveCfg = Debug|Any CPU
		{A201E914-04D2-7F54-1B3D-A47993F11E0B}.Debug|Any CPU.Build.0 = Debug|Any CPU
		{A201E914-04D2-7F54-1B3D-A47993F11E0B}.Release|Any CPU.ActiveCfg = Release|Any CPU
		{A201E914-04D2-7F54-1B3D-A47993F11E0B}.Release|Any CPU.Build.0 = Release|Any CPU
		{65F9B6D6-30B8-E3AF-DCBD-602D7301F04B}.Debug|Any CPU.ActiveCfg = Debug|Any CPU
		{65F9B6D6-30B8-E3AF-DCBD-602D7301F04B}.Debug|Any CPU.Build.0 = Debug|Any CPU
		{65F9B6D6-30B8-E3AF-DCBD-602D7301F04B}.Release|Any CPU.ActiveCfg = Release|Any CPU
		{65F9B6D6-30B8-E3AF-DCBD-602D7301F04B}.Release|Any CPU.Build.0 = Release|Any CPU
		{78E462A0-4470-4528-B366-A3F1456C22D2}.Debug|Any CPU.ActiveCfg = Debug|Any CPU
		{78E462A0-4470-4528-B366-A3F1456C22D2}.Debug|Any CPU.Build.0 = Debug|Any CPU
		{78E462A0-4470-4528-B366-A3F1456C22D2}.Release|Any CPU.ActiveCfg = Release|Any CPU
		{78E462A0-4470-4528-B366-A3F1456C22D2}.Release|Any CPU.Build.0 = Release|Any CPU
		{CE981F42-B853-4F8E-87EE-04974B7B46A5}.Debug|Any CPU.ActiveCfg = Debug|Any CPU
		{CE981F42-B853-4F8E-87EE-04974B7B46A5}.Debug|Any CPU.Build.0 = Debug|Any CPU
		{CE981F42-B853-4F8E-87EE-04974B7B46A5}.Release|Any CPU.ActiveCfg = Release|Any CPU
		{CE981F42-B853-4F8E-87EE-04974B7B46A5}.Release|Any CPU.Build.0 = Release|Any CPU
		{7C98BC5E-1214-4E4D-8538-E72A2BAA5B54}.Debug|Any CPU.ActiveCfg = Debug|Any CPU
		{7C98BC5E-1214-4E4D-8538-E72A2BAA5B54}.Debug|Any CPU.Build.0 = Debug|Any CPU
		{7C98BC5E-1214-4E4D-8538-E72A2BAA5B54}.Release|Any CPU.ActiveCfg = Release|Any CPU
		{7C98BC5E-1214-4E4D-8538-E72A2BAA5B54}.Release|Any CPU.Build.0 = Release|Any CPU
		{09C551B9-B146-4C83-8718-C432AEB1FC1B}.Debug|Any CPU.ActiveCfg = Debug|Any CPU
		{09C551B9-B146-4C83-8718-C432AEB1FC1B}.Debug|Any CPU.Build.0 = Debug|Any CPU
		{09C551B9-B146-4C83-8718-C432AEB1FC1B}.Release|Any CPU.ActiveCfg = Release|Any CPU
		{09C551B9-B146-4C83-8718-C432AEB1FC1B}.Release|Any CPU.Build.0 = Release|Any CPU
	EndGlobalSection
	GlobalSection(SolutionProperties) = preSolution
		HideSolutionNode = FALSE
	EndGlobalSection
	GlobalSection(NestedProjects) = preSolution
		{65F9B6D6-30B8-E3AF-DCBD-602D7301F04B} = {02EA681E-C7D8-13C7-8484-4AC65E1B71E8}
		{78E462A0-4470-4528-B366-A3F1456C22D2} = {704A6899-9B0F-4FC1-A073-DDA9F13C9D5A}
		{CE981F42-B853-4F8E-87EE-04974B7B46A5} = {704A6899-9B0F-4FC1-A073-DDA9F13C9D5A}
		{7C98BC5E-1214-4E4D-8538-E72A2BAA5B54} = {704A6899-9B0F-4FC1-A073-DDA9F13C9D5A}
		{09C551B9-B146-4C83-8718-C432AEB1FC1B} = {02EA681E-C7D8-13C7-8484-4AC65E1B71E8}
	EndGlobalSection
	GlobalSection(ExtensibilityGlobals) = postSolution
		SolutionGuid = {536D6C9F-98D4-40B4-A417-83A9904D1007}
	EndGlobalSection
EndGlobal
